// !$*UTF8*$!
{
	archiveVersion = 1;
	classes = {
	};
	objectVersion = 56;
	objects = {

/* Begin PBXBuildFile section */
		C4158CD32BE3E555001AD187 /* SwiftulThinkingAdvancedLearningApp.swift in Sources */ = {isa = PBXBuildFile; fileRef = C4158CD22BE3E555001AD187 /* SwiftulThinkingAdvancedLearningApp.swift */; };
		C4158CD52BE3E555001AD187 /* ContentView.swift in Sources */ = {isa = PBXBuildFile; fileRef = C4158CD42BE3E555001AD187 /* ContentView.swift */; };
		C4158CD72BE3E557001AD187 /* Assets.xcassets in Resources */ = {isa = PBXBuildFile; fileRef = C4158CD62BE3E557001AD187 /* Assets.xcassets */; };
		C4158CDA2BE3E557001AD187 /* Preview Assets.xcassets in Resources */ = {isa = PBXBuildFile; fileRef = C4158CD92BE3E557001AD187 /* Preview Assets.xcassets */; };
		C4158CE12BE3E5CA001AD187 /* ViewModifiersBootcamp.swift in Sources */ = {isa = PBXBuildFile; fileRef = C4158CE02BE3E5CA001AD187 /* ViewModifiersBootcamp.swift */; };
		C42F58962BFC7A2C00E34381 /* ProtocolsBootcamp.swift in Sources */ = {isa = PBXBuildFile; fileRef = C42F58952BFC7A2C00E34381 /* ProtocolsBootcamp.swift */; };
		C445D87B2BF6F4F0009CC48D /* CustomNavBarView.swift in Sources */ = {isa = PBXBuildFile; fileRef = C445D87A2BF6F4F0009CC48D /* CustomNavBarView.swift */; };
		C445D87D2BF6FE47009CC48D /* CustomNavBarContainerView.swift in Sources */ = {isa = PBXBuildFile; fileRef = C445D87C2BF6FE47009CC48D /* CustomNavBarContainerView.swift */; };
		C445D87F2BF702A9009CC48D /* AppNavBarView.swift in Sources */ = {isa = PBXBuildFile; fileRef = C445D87E2BF702A9009CC48D /* AppNavBarView.swift */; };
		C445D8812BF7055D009CC48D /* CustomNavView.swift in Sources */ = {isa = PBXBuildFile; fileRef = C445D8802BF7055D009CC48D /* CustomNavView.swift */; };
		C445D8832BF79226009CC48D /* CustomNavLinkView.swift in Sources */ = {isa = PBXBuildFile; fileRef = C445D8822BF79226009CC48D /* CustomNavLinkView.swift */; };
		C445D8852BF79BAF009CC48D /* CustomNavBarPreferenceKey.swift in Sources */ = {isa = PBXBuildFile; fileRef = C445D8842BF79BAF009CC48D /* CustomNavBarPreferenceKey.swift */; };
		C458E4D32BFC266800309296 /* UIViewRepresentableBootcamp.swift in Sources */ = {isa = PBXBuildFile; fileRef = C458E4D22BFC266800309296 /* UIViewRepresentableBootcamp.swift */; };
		C458E4D52BFC370500309296 /* UIViewControllerRepresentableBootcamp.swift in Sources */ = {isa = PBXBuildFile; fileRef = C458E4D42BFC370500309296 /* UIViewControllerRepresentableBootcamp.swift */; };
		C47991F02BE8961A00837C31 /* ButtonStylesBootcamp.swift in Sources */ = {isa = PBXBuildFile; fileRef = C47991EF2BE8961A00837C31 /* ButtonStylesBootcamp.swift */; };
		C47991F22BE8C3AB00837C31 /* AnyTransitionsBootcamp.swift in Sources */ = {isa = PBXBuildFile; fileRef = C47991F12BE8C3AB00837C31 /* AnyTransitionsBootcamp.swift */; };
		C49F25552BEA12C20007F672 /* MatchedGeometryEffectBootcamp.swift in Sources */ = {isa = PBXBuildFile; fileRef = C49F25542BEA12C20007F672 /* MatchedGeometryEffectBootcamp.swift */; };
		C49F25572BEA4F330007F672 /* CustomShapeBootcamp.swift in Sources */ = {isa = PBXBuildFile; fileRef = C49F25562BEA4F330007F672 /* CustomShapeBootcamp.swift */; };
		C4AAF1CC2BEF18820081A970 /* ViewBuilderBootcamp.swift in Sources */ = {isa = PBXBuildFile; fileRef = C4AAF1CB2BEF18820081A970 /* ViewBuilderBootcamp.swift */; };
		C4AAF1CF2BEF45230081A970 /* CustomTabBarBootcamp.swift in Sources */ = {isa = PBXBuildFile; fileRef = C4AAF1CE2BEF45230081A970 /* CustomTabBarBootcamp.swift */; };
		C4AAF1D12BEF497A0081A970 /* TabBarItem.swift in Sources */ = {isa = PBXBuildFile; fileRef = C4AAF1D02BEF497A0081A970 /* TabBarItem.swift */; };
		C4AAF1D32BEF50790081A970 /* AppTabBarBootcamp.swift in Sources */ = {isa = PBXBuildFile; fileRef = C4AAF1D22BEF50790081A970 /* AppTabBarBootcamp.swift */; };
		C4AAF1D52BEF51140081A970 /* TabBarContainerView.swift in Sources */ = {isa = PBXBuildFile; fileRef = C4AAF1D42BEF51140081A970 /* TabBarContainerView.swift */; };
		C4AAF1D72BEF57BF0081A970 /* TabBarPrefrenceKey.swift in Sources */ = {isa = PBXBuildFile; fileRef = C4AAF1D62BEF57BF0081A970 /* TabBarPrefrenceKey.swift */; };
		C4C6FA0C2BEC76FA0088E659 /* PreferenceKeyBootcamp.swift in Sources */ = {isa = PBXBuildFile; fileRef = C4C6FA0B2BEC76FA0088E659 /* PreferenceKeyBootcamp.swift */; };
		C4DF98902BEC481100DEBB6C /* CustomArcsQuadBootcamp.swift in Sources */ = {isa = PBXBuildFile; fileRef = C4DF988F2BEC481100DEBB6C /* CustomArcsQuadBootcamp.swift */; };
		C4DF98922BEC549A00DEBB6C /* AnimateableDataBootcamp.swift in Sources */ = {isa = PBXBuildFile; fileRef = C4DF98912BEC549A00DEBB6C /* AnimateableDataBootcamp.swift */; };
		C4DF98942BEC5D0C00DEBB6C /* GenericsBootcamp.swift in Sources */ = {isa = PBXBuildFile; fileRef = C4DF98932BEC5D0C00DEBB6C /* GenericsBootcamp.swift */; };
/* End PBXBuildFile section */

/* Begin PBXFileReference section */
		C4158CCF2BE3E555001AD187 /* SwiftulThinkingAdvancedLearning.app */ = {isa = PBXFileReference; explicitFileType = wrapper.application; includeInIndex = 0; path = SwiftulThinkingAdvancedLearning.app; sourceTree = BUILT_PRODUCTS_DIR; };
		C4158CD22BE3E555001AD187 /* SwiftulThinkingAdvancedLearningApp.swift */ = {isa = PBXFileReference; lastKnownFileType = sourcecode.swift; path = SwiftulThinkingAdvancedLearningApp.swift; sourceTree = "<group>"; };
		C4158CD42BE3E555001AD187 /* ContentView.swift */ = {isa = PBXFileReference; lastKnownFileType = sourcecode.swift; path = ContentView.swift; sourceTree = "<group>"; };
		C4158CD62BE3E557001AD187 /* Assets.xcassets */ = {isa = PBXFileReference; lastKnownFileType = folder.assetcatalog; path = Assets.xcassets; sourceTree = "<group>"; };
		C4158CD92BE3E557001AD187 /* Preview Assets.xcassets */ = {isa = PBXFileReference; lastKnownFileType = folder.assetcatalog; path = "Preview Assets.xcassets"; sourceTree = "<group>"; };
		C4158CE02BE3E5CA001AD187 /* ViewModifiersBootcamp.swift */ = {isa = PBXFileReference; lastKnownFileType = sourcecode.swift; path = ViewModifiersBootcamp.swift; sourceTree = "<group>"; };
		C42F58952BFC7A2C00E34381 /* ProtocolsBootcamp.swift */ = {isa = PBXFileReference; lastKnownFileType = sourcecode.swift; path = ProtocolsBootcamp.swift; sourceTree = "<group>"; };
		C445D87A2BF6F4F0009CC48D /* CustomNavBarView.swift */ = {isa = PBXFileReference; lastKnownFileType = sourcecode.swift; path = CustomNavBarView.swift; sourceTree = "<group>"; };
		C445D87C2BF6FE47009CC48D /* CustomNavBarContainerView.swift */ = {isa = PBXFileReference; lastKnownFileType = sourcecode.swift; path = CustomNavBarContainerView.swift; sourceTree = "<group>"; };
		C445D87E2BF702A9009CC48D /* AppNavBarView.swift */ = {isa = PBXFileReference; lastKnownFileType = sourcecode.swift; path = AppNavBarView.swift; sourceTree = "<group>"; };
		C445D8802BF7055D009CC48D /* CustomNavView.swift */ = {isa = PBXFileReference; lastKnownFileType = sourcecode.swift; path = CustomNavView.swift; sourceTree = "<group>"; };
		C445D8822BF79226009CC48D /* CustomNavLinkView.swift */ = {isa = PBXFileReference; lastKnownFileType = sourcecode.swift; path = CustomNavLinkView.swift; sourceTree = "<group>"; };
		C445D8842BF79BAF009CC48D /* CustomNavBarPreferenceKey.swift */ = {isa = PBXFileReference; lastKnownFileType = sourcecode.swift; path = CustomNavBarPreferenceKey.swift; sourceTree = "<group>"; };
		C458E4D22BFC266800309296 /* UIViewRepresentableBootcamp.swift */ = {isa = PBXFileReference; lastKnownFileType = sourcecode.swift; path = UIViewRepresentableBootcamp.swift; sourceTree = "<group>"; };
		C458E4D42BFC370500309296 /* UIViewControllerRepresentableBootcamp.swift */ = {isa = PBXFileReference; lastKnownFileType = sourcecode.swift; path = UIViewControllerRepresentableBootcamp.swift; sourceTree = "<group>"; };
		C47991EF2BE8961A00837C31 /* ButtonStylesBootcamp.swift */ = {isa = PBXFileReference; lastKnownFileType = sourcecode.swift; path = ButtonStylesBootcamp.swift; sourceTree = "<group>"; };
		C47991F12BE8C3AB00837C31 /* AnyTransitionsBootcamp.swift */ = {isa = PBXFileReference; lastKnownFileType = sourcecode.swift; path = AnyTransitionsBootcamp.swift; sourceTree = "<group>"; };
		C49F25542BEA12C20007F672 /* MatchedGeometryEffectBootcamp.swift */ = {isa = PBXFileReference; lastKnownFileType = sourcecode.swift; path = MatchedGeometryEffectBootcamp.swift; sourceTree = "<group>"; };
		C49F25562BEA4F330007F672 /* CustomShapeBootcamp.swift */ = {isa = PBXFileReference; lastKnownFileType = sourcecode.swift; path = CustomShapeBootcamp.swift; sourceTree = "<group>"; };
		C4AAF1CB2BEF18820081A970 /* ViewBuilderBootcamp.swift */ = {isa = PBXFileReference; lastKnownFileType = sourcecode.swift; path = ViewBuilderBootcamp.swift; sourceTree = "<group>"; };
		C4AAF1CE2BEF45230081A970 /* CustomTabBarBootcamp.swift */ = {isa = PBXFileReference; lastKnownFileType = sourcecode.swift; path = CustomTabBarBootcamp.swift; sourceTree = "<group>"; };
		C4AAF1D02BEF497A0081A970 /* TabBarItem.swift */ = {isa = PBXFileReference; lastKnownFileType = sourcecode.swift; path = TabBarItem.swift; sourceTree = "<group>"; };
		C4AAF1D22BEF50790081A970 /* AppTabBarBootcamp.swift */ = {isa = PBXFileReference; lastKnownFileType = sourcecode.swift; path = AppTabBarBootcamp.swift; sourceTree = "<group>"; };
		C4AAF1D42BEF51140081A970 /* TabBarContainerView.swift */ = {isa = PBXFileReference; lastKnownFileType = sourcecode.swift; path = TabBarContainerView.swift; sourceTree = "<group>"; };
		C4AAF1D62BEF57BF0081A970 /* TabBarPrefrenceKey.swift */ = {isa = PBXFileReference; lastKnownFileType = sourcecode.swift; path = TabBarPrefrenceKey.swift; sourceTree = "<group>"; };
		C4C6FA0B2BEC76FA0088E659 /* PreferenceKeyBootcamp.swift */ = {isa = PBXFileReference; lastKnownFileType = sourcecode.swift; path = PreferenceKeyBootcamp.swift; sourceTree = "<group>"; };
		C4DF988F2BEC481100DEBB6C /* CustomArcsQuadBootcamp.swift */ = {isa = PBXFileReference; lastKnownFileType = sourcecode.swift; path = CustomArcsQuadBootcamp.swift; sourceTree = "<group>"; };
		C4DF98912BEC549A00DEBB6C /* AnimateableDataBootcamp.swift */ = {isa = PBXFileReference; lastKnownFileType = sourcecode.swift; path = AnimateableDataBootcamp.swift; sourceTree = "<group>"; };
		C4DF98932BEC5D0C00DEBB6C /* GenericsBootcamp.swift */ = {isa = PBXFileReference; lastKnownFileType = sourcecode.swift; path = GenericsBootcamp.swift; sourceTree = "<group>"; };
/* End PBXFileReference section */

/* Begin PBXFrameworksBuildPhase section */
		C4158CCC2BE3E555001AD187 /* Frameworks */ = {
			isa = PBXFrameworksBuildPhase;
			buildActionMask = 2147483647;
			files = (
			);
			runOnlyForDeploymentPostprocessing = 0;
		};
/* End PBXFrameworksBuildPhase section */

/* Begin PBXGroup section */
		C4158CC62BE3E555001AD187 = {
			isa = PBXGroup;
			children = (
				C4158CD12BE3E555001AD187 /* SwiftulThinkingAdvancedLearning */,
				C4158CD02BE3E555001AD187 /* Products */,
			);
			sourceTree = "<group>";
		};
		C4158CD02BE3E555001AD187 /* Products */ = {
			isa = PBXGroup;
			children = (
				C4158CCF2BE3E555001AD187 /* SwiftulThinkingAdvancedLearning.app */,
			);
			name = Products;
			sourceTree = "<group>";
		};
		C4158CD12BE3E555001AD187 /* SwiftulThinkingAdvancedLearning */ = {
			isa = PBXGroup;
			children = (
				C4158CD22BE3E555001AD187 /* SwiftulThinkingAdvancedLearningApp.swift */,
				C4158CD42BE3E555001AD187 /* ContentView.swift */,
				C4158CE02BE3E5CA001AD187 /* ViewModifiersBootcamp.swift */,
				C47991EF2BE8961A00837C31 /* ButtonStylesBootcamp.swift */,
				C47991F12BE8C3AB00837C31 /* AnyTransitionsBootcamp.swift */,
				C49F25542BEA12C20007F672 /* MatchedGeometryEffectBootcamp.swift */,
				C49F25562BEA4F330007F672 /* CustomShapeBootcamp.swift */,
				C4DF988F2BEC481100DEBB6C /* CustomArcsQuadBootcamp.swift */,
				C4DF98912BEC549A00DEBB6C /* AnimateableDataBootcamp.swift */,
				C4DF98932BEC5D0C00DEBB6C /* GenericsBootcamp.swift */,
				C4AAF1CB2BEF18820081A970 /* ViewBuilderBootcamp.swift */,
				C4C6FA0B2BEC76FA0088E659 /* PreferenceKeyBootcamp.swift */,
				C4AAF1CD2BEF45130081A970 /* CustomTabBar */,
				C445D8792BF6E183009CC48D /* CustomNavigator */,
				C458E4D22BFC266800309296 /* UIViewRepresentableBootcamp.swift */,
				C458E4D42BFC370500309296 /* UIViewControllerRepresentableBootcamp.swift */,
				C42F58952BFC7A2C00E34381 /* ProtocolsBootcamp.swift */,
				C4158CD62BE3E557001AD187 /* Assets.xcassets */,
				C4158CD82BE3E557001AD187 /* Preview Content */,
			);
			path = SwiftulThinkingAdvancedLearning;
			sourceTree = "<group>";
		};
		C4158CD82BE3E557001AD187 /* Preview Content */ = {
			isa = PBXGroup;
			children = (
				C4158CD92BE3E557001AD187 /* Preview Assets.xcassets */,
			);
			path = "Preview Content";
			sourceTree = "<group>";
		};
		C445D8792BF6E183009CC48D /* CustomNavigator */ = {
			isa = PBXGroup;
			children = (
				C445D87E2BF702A9009CC48D /* AppNavBarView.swift */,
				C445D87A2BF6F4F0009CC48D /* CustomNavBarView.swift */,
				C445D87C2BF6FE47009CC48D /* CustomNavBarContainerView.swift */,
				C445D8802BF7055D009CC48D /* CustomNavView.swift */,
				C445D8822BF79226009CC48D /* CustomNavLinkView.swift */,
				C445D8842BF79BAF009CC48D /* CustomNavBarPreferenceKey.swift */,
			);
			path = CustomNavigator;
			sourceTree = "<group>";
		};
		C4AAF1CD2BEF45130081A970 /* CustomTabBar */ = {
			isa = PBXGroup;
			children = (
				C4AAF1D22BEF50790081A970 /* AppTabBarBootcamp.swift */,
				C4AAF1CE2BEF45230081A970 /* CustomTabBarBootcamp.swift */,
				C4AAF1D02BEF497A0081A970 /* TabBarItem.swift */,
				C4AAF1D42BEF51140081A970 /* TabBarContainerView.swift */,
				C4AAF1D62BEF57BF0081A970 /* TabBarPrefrenceKey.swift */,
			);
			path = CustomTabBar;
			sourceTree = "<group>";
		};
/* End PBXGroup section */

/* Begin PBXNativeTarget section */
		C4158CCE2BE3E555001AD187 /* SwiftulThinkingAdvancedLearning */ = {
			isa = PBXNativeTarget;
			buildConfigurationList = C4158CDD2BE3E557001AD187 /* Build configuration list for PBXNativeTarget "SwiftulThinkingAdvancedLearning" */;
			buildPhases = (
				C4158CCB2BE3E555001AD187 /* Sources */,
				C4158CCC2BE3E555001AD187 /* Frameworks */,
				C4158CCD2BE3E555001AD187 /* Resources */,
			);
			buildRules = (
			);
			dependencies = (
			);
			name = SwiftulThinkingAdvancedLearning;
			productName = SwiftulThinkingAdvancedLearning;
			productReference = C4158CCF2BE3E555001AD187 /* SwiftulThinkingAdvancedLearning.app */;
			productType = "com.apple.product-type.application";
		};
/* End PBXNativeTarget section */

/* Begin PBXProject section */
		C4158CC72BE3E555001AD187 /* Project object */ = {
			isa = PBXProject;
			attributes = {
				BuildIndependentTargetsInParallel = 1;
				LastSwiftUpdateCheck = 1520;
				LastUpgradeCheck = 1520;
				TargetAttributes = {
					C4158CCE2BE3E555001AD187 = {
						CreatedOnToolsVersion = 15.2;
					};
				};
			};
			buildConfigurationList = C4158CCA2BE3E555001AD187 /* Build configuration list for PBXProject "SwiftulThinkingAdvancedLearning" */;
			compatibilityVersion = "Xcode 14.0";
			developmentRegion = en;
			hasScannedForEncodings = 0;
			knownRegions = (
				en,
				Base,
			);
			mainGroup = C4158CC62BE3E555001AD187;
			productRefGroup = C4158CD02BE3E555001AD187 /* Products */;
			projectDirPath = "";
			projectRoot = "";
			targets = (
				C4158CCE2BE3E555001AD187 /* SwiftulThinkingAdvancedLearning */,
			);
		};
/* End PBXProject section */

/* Begin PBXResourcesBuildPhase section */
		C4158CCD2BE3E555001AD187 /* Resources */ = {
			isa = PBXResourcesBuildPhase;
			buildActionMask = 2147483647;
			files = (
				C4158CDA2BE3E557001AD187 /* Preview Assets.xcassets in Resources */,
				C4158CD72BE3E557001AD187 /* Assets.xcassets in Resources */,
			);
			runOnlyForDeploymentPostprocessing = 0;
		};
/* End PBXResourcesBuildPhase section */

/* Begin PBXSourcesBuildPhase section */
		C4158CCB2BE3E555001AD187 /* Sources */ = {
			isa = PBXSourcesBuildPhase;
			buildActionMask = 2147483647;
			files = (
				C49F25552BEA12C20007F672 /* MatchedGeometryEffectBootcamp.swift in Sources */,
				C47991F22BE8C3AB00837C31 /* AnyTransitionsBootcamp.swift in Sources */,
				C4158CD52BE3E555001AD187 /* ContentView.swift in Sources */,
				C445D87B2BF6F4F0009CC48D /* CustomNavBarView.swift in Sources */,
				C4DF98902BEC481100DEBB6C /* CustomArcsQuadBootcamp.swift in Sources */,
				C4AAF1D12BEF497A0081A970 /* TabBarItem.swift in Sources */,
				C42F58962BFC7A2C00E34381 /* ProtocolsBootcamp.swift in Sources */,
				C4AAF1CF2BEF45230081A970 /* CustomTabBarBootcamp.swift in Sources */,
				C445D8832BF79226009CC48D /* CustomNavLinkView.swift in Sources */,
				C4DF98922BEC549A00DEBB6C /* AnimateableDataBootcamp.swift in Sources */,
				C4158CE12BE3E5CA001AD187 /* ViewModifiersBootcamp.swift in Sources */,
				C458E4D32BFC266800309296 /* UIViewRepresentableBootcamp.swift in Sources */,
				C47991F02BE8961A00837C31 /* ButtonStylesBootcamp.swift in Sources */,
				C49F25572BEA4F330007F672 /* CustomShapeBootcamp.swift in Sources */,
				C4AAF1D72BEF57BF0081A970 /* TabBarPrefrenceKey.swift in Sources */,
				C458E4D52BFC370500309296 /* UIViewControllerRepresentableBootcamp.swift in Sources */,
				C4DF98942BEC5D0C00DEBB6C /* GenericsBootcamp.swift in Sources */,
				C4C6FA0C2BEC76FA0088E659 /* PreferenceKeyBootcamp.swift in Sources */,
				C445D87D2BF6FE47009CC48D /* CustomNavBarContainerView.swift in Sources */,
				C4158CD32BE3E555001AD187 /* SwiftulThinkingAdvancedLearningApp.swift in Sources */,
				C445D87F2BF702A9009CC48D /* AppNavBarView.swift in Sources */,
				C4AAF1CC2BEF18820081A970 /* ViewBuilderBootcamp.swift in Sources */,
				C4AAF1D52BEF51140081A970 /* TabBarContainerView.swift in Sources */,
				C445D8852BF79BAF009CC48D /* CustomNavBarPreferenceKey.swift in Sources */,
				C4AAF1D32BEF50790081A970 /* AppTabBarBootcamp.swift in Sources */,
				C445D8812BF7055D009CC48D /* CustomNavView.swift in Sources */,
			);
			runOnlyForDeploymentPostprocessing = 0;
		};
/* End PBXSourcesBuildPhase section */

/* Begin XCBuildConfiguration section */
		C4158CDB2BE3E557001AD187 /* Debug */ = {
			isa = XCBuildConfiguration;
			buildSettings = {
				ALWAYS_SEARCH_USER_PATHS = NO;
				ASSETCATALOG_COMPILER_GENERATE_SWIFT_ASSET_SYMBOL_EXTENSIONS = YES;
				CLANG_ANALYZER_NONNULL = YES;
				CLANG_ANALYZER_NUMBER_OBJECT_CONVERSION = YES_AGGRESSIVE;
				CLANG_CXX_LANGUAGE_STANDARD = "gnu++20";
				CLANG_ENABLE_MODULES = YES;
				CLANG_ENABLE_OBJC_ARC = YES;
				CLANG_ENABLE_OBJC_WEAK = YES;
				CLANG_WARN_BLOCK_CAPTURE_AUTORELEASING = YES;
				CLANG_WARN_BOOL_CONVERSION = YES;
				CLANG_WARN_COMMA = YES;
				CLANG_WARN_CONSTANT_CONVERSION = YES;
				CLANG_WARN_DEPRECATED_OBJC_IMPLEMENTATIONS = YES;
				CLANG_WARN_DIRECT_OBJC_ISA_USAGE = YES_ERROR;
				CLANG_WARN_DOCUMENTATION_COMMENTS = YES;
				CLANG_WARN_EMPTY_BODY = YES;
				CLANG_WARN_ENUM_CONVERSION = YES;
				CLANG_WARN_INFINITE_RECURSION = YES;
				CLANG_WARN_INT_CONVERSION = YES;
				CLANG_WARN_NON_LITERAL_NULL_CONVERSION = YES;
				CLANG_WARN_OBJC_IMPLICIT_RETAIN_SELF = YES;
				CLANG_WARN_OBJC_LITERAL_CONVERSION = YES;
				CLANG_WARN_OBJC_ROOT_CLASS = YES_ERROR;
				CLANG_WARN_QUOTED_INCLUDE_IN_FRAMEWORK_HEADER = YES;
				CLANG_WARN_RANGE_LOOP_ANALYSIS = YES;
				CLANG_WARN_STRICT_PROTOTYPES = YES;
				CLANG_WARN_SUSPICIOUS_MOVE = YES;
				CLANG_WARN_UNGUARDED_AVAILABILITY = YES_AGGRESSIVE;
				CLANG_WARN_UNREACHABLE_CODE = YES;
				CLANG_WARN__DUPLICATE_METHOD_MATCH = YES;
				COPY_PHASE_STRIP = NO;
				DEBUG_INFORMATION_FORMAT = dwarf;
				ENABLE_STRICT_OBJC_MSGSEND = YES;
				ENABLE_TESTABILITY = YES;
				ENABLE_USER_SCRIPT_SANDBOXING = YES;
				GCC_C_LANGUAGE_STANDARD = gnu17;
				GCC_DYNAMIC_NO_PIC = NO;
				GCC_NO_COMMON_BLOCKS = YES;
				GCC_OPTIMIZATION_LEVEL = 0;
				GCC_PREPROCESSOR_DEFINITIONS = (
					"DEBUG=1",
					"$(inherited)",
				);
				GCC_WARN_64_TO_32_BIT_CONVERSION = YES;
				GCC_WARN_ABOUT_RETURN_TYPE = YES_ERROR;
				GCC_WARN_UNDECLARED_SELECTOR = YES;
				GCC_WARN_UNINITIALIZED_AUTOS = YES_AGGRESSIVE;
				GCC_WARN_UNUSED_FUNCTION = YES;
				GCC_WARN_UNUSED_VARIABLE = YES;
				IPHONEOS_DEPLOYMENT_TARGET = 17.2;
				LOCALIZATION_PREFERS_STRING_CATALOGS = YES;
				MTL_ENABLE_DEBUG_INFO = INCLUDE_SOURCE;
				MTL_FAST_MATH = YES;
				ONLY_ACTIVE_ARCH = YES;
				SDKROOT = iphoneos;
				SWIFT_ACTIVE_COMPILATION_CONDITIONS = "DEBUG $(inherited)";
				SWIFT_OPTIMIZATION_LEVEL = "-Onone";
			};
			name = Debug;
		};
		C4158CDC2BE3E557001AD187 /* Release */ = {
			isa = XCBuildConfiguration;
			buildSettings = {
				ALWAYS_SEARCH_USER_PATHS = NO;
				ASSETCATALOG_COMPILER_GENERATE_SWIFT_ASSET_SYMBOL_EXTENSIONS = YES;
				CLANG_ANALYZER_NONNULL = YES;
				CLANG_ANALYZER_NUMBER_OBJECT_CONVERSION = YES_AGGRESSIVE;
				CLANG_CXX_LANGUAGE_STANDARD = "gnu++20";
				CLANG_ENABLE_MODULES = YES;
				CLANG_ENABLE_OBJC_ARC = YES;
				CLANG_ENABLE_OBJC_WEAK = YES;
				CLANG_WARN_BLOCK_CAPTURE_AUTORELEASING = YES;
				CLANG_WARN_BOOL_CONVERSION = YES;
				CLANG_WARN_COMMA = YES;
				CLANG_WARN_CONSTANT_CONVERSION = YES;
				CLANG_WARN_DEPRECATED_OBJC_IMPLEMENTATIONS = YES;
				CLANG_WARN_DIRECT_OBJC_ISA_USAGE = YES_ERROR;
				CLANG_WARN_DOCUMENTATION_COMMENTS = YES;
				CLANG_WARN_EMPTY_BODY = YES;
				CLANG_WARN_ENUM_CONVERSION = YES;
				CLANG_WARN_INFINITE_RECURSION = YES;
				CLANG_WARN_INT_CONVERSION = YES;
				CLANG_WARN_NON_LITERAL_NULL_CONVERSION = YES;
				CLANG_WARN_OBJC_IMPLICIT_RETAIN_SELF = YES;
				CLANG_WARN_OBJC_LITERAL_CONVERSION = YES;
				CLANG_WARN_OBJC_ROOT_CLASS = YES_ERROR;
				CLANG_WARN_QUOTED_INCLUDE_IN_FRAMEWORK_HEADER = YES;
				CLANG_WARN_RANGE_LOOP_ANALYSIS = YES;
				CLANG_WARN_STRICT_PROTOTYPES = YES;
				CLANG_WARN_SUSPICIOUS_MOVE = YES;
				CLANG_WARN_UNGUARDED_AVAILABILITY = YES_AGGRESSIVE;
				CLANG_WARN_UNREACHABLE_CODE = YES;
				CLANG_WARN__DUPLICATE_METHOD_MATCH = YES;
				COPY_PHASE_STRIP = NO;
				DEBUG_INFORMATION_FORMAT = "dwarf-with-dsym";
				ENABLE_NS_ASSERTIONS = NO;
				ENABLE_STRICT_OBJC_MSGSEND = YES;
				ENABLE_USER_SCRIPT_SANDBOXING = YES;
				GCC_C_LANGUAGE_STANDARD = gnu17;
				GCC_NO_COMMON_BLOCKS = YES;
				GCC_WARN_64_TO_32_BIT_CONVERSION = YES;
				GCC_WARN_ABOUT_RETURN_TYPE = YES_ERROR;
				GCC_WARN_UNDECLARED_SELECTOR = YES;
				GCC_WARN_UNINITIALIZED_AUTOS = YES_AGGRESSIVE;
				GCC_WARN_UNUSED_FUNCTION = YES;
				GCC_WARN_UNUSED_VARIABLE = YES;
				IPHONEOS_DEPLOYMENT_TARGET = 17.2;
				LOCALIZATION_PREFERS_STRING_CATALOGS = YES;
				MTL_ENABLE_DEBUG_INFO = NO;
				MTL_FAST_MATH = YES;
				SDKROOT = iphoneos;
				SWIFT_COMPILATION_MODE = wholemodule;
				VALIDATE_PRODUCT = YES;
			};
			name = Release;
		};
		C4158CDE2BE3E557001AD187 /* Debug */ = {
			isa = XCBuildConfiguration;
			buildSettings = {
				ASSETCATALOG_COMPILER_APPICON_NAME = AppIcon;
				ASSETCATALOG_COMPILER_GLOBAL_ACCENT_COLOR_NAME = AccentColor;
				CODE_SIGN_STYLE = Automatic;
				CURRENT_PROJECT_VERSION = 1;
				DEVELOPMENT_ASSET_PATHS = "\"SwiftulThinkingAdvancedLearning/Preview Content\"";
				DEVELOPMENT_TEAM = YM9RBHH3SL;
				ENABLE_PREVIEWS = YES;
				GENERATE_INFOPLIST_FILE = YES;
				INFOPLIST_KEY_UIApplicationSceneManifest_Generation = YES;
				INFOPLIST_KEY_UIApplicationSupportsIndirectInputEvents = YES;
				INFOPLIST_KEY_UILaunchScreen_Generation = YES;
				INFOPLIST_KEY_UISupportedInterfaceOrientations_iPad = "UIInterfaceOrientationPortrait UIInterfaceOrientationPortraitUpsideDown UIInterfaceOrientationLandscapeLeft UIInterfaceOrientationLandscapeRight";
				INFOPLIST_KEY_UISupportedInterfaceOrientations_iPhone = "UIInterfaceOrientationPortrait UIInterfaceOrientationLandscapeLeft UIInterfaceOrientationLandscapeRight";
				LD_RUNPATH_SEARCH_PATHS = (
					"$(inherited)",
					"@executable_path/Frameworks",
				);
				MARKETING_VERSION = 1.0;
				PRODUCT_BUNDLE_IDENTIFIER = com.rizalfahrud.SwiftulThinkingAdvancedLearning;
				PRODUCT_NAME = "$(TARGET_NAME)";
				SWIFT_EMIT_LOC_STRINGS = YES;
				SWIFT_VERSION = 5.0;
				TARGETED_DEVICE_FAMILY = "1,2";
			};
			name = Debug;
		};
		C4158CDF2BE3E557001AD187 /* Release */ = {
			isa = XCBuildConfiguration;
			buildSettings = {
				ASSETCATALOG_COMPILER_APPICON_NAME = AppIcon;
				ASSETCATALOG_COMPILER_GLOBAL_ACCENT_COLOR_NAME = AccentColor;
				CODE_SIGN_STYLE = Automatic;
				CURRENT_PROJECT_VERSION = 1;
				DEVELOPMENT_ASSET_PATHS = "\"SwiftulThinkingAdvancedLearning/Preview Content\"";
				DEVELOPMENT_TEAM = YM9RBHH3SL;
				ENABLE_PREVIEWS = YES;
				GENERATE_INFOPLIST_FILE = YES;
				INFOPLIST_KEY_UIApplicationSceneManifest_Generation = YES;
				INFOPLIST_KEY_UIApplicationSupportsIndirectInputEvents = YES;
				INFOPLIST_KEY_UILaunchScreen_Generation = YES;
				INFOPLIST_KEY_UISupportedInterfaceOrientations_iPad = "UIInterfaceOrientationPortrait UIInterfaceOrientationPortraitUpsideDown UIInterfaceOrientationLandscapeLeft UIInterfaceOrientationLandscapeRight";
				INFOPLIST_KEY_UISupportedInterfaceOrientations_iPhone = "UIInterfaceOrientationPortrait UIInterfaceOrientationLandscapeLeft UIInterfaceOrientationLandscapeRight";
				LD_RUNPATH_SEARCH_PATHS = (
					"$(inherited)",
					"@executable_path/Frameworks",
				);
				MARKETING_VERSION = 1.0;
				PRODUCT_BUNDLE_IDENTIFIER = com.rizalfahrud.SwiftulThinkingAdvancedLearning;
				PRODUCT_NAME = "$(TARGET_NAME)";
				SWIFT_EMIT_LOC_STRINGS = YES;
				SWIFT_VERSION = 5.0;
				TARGETED_DEVICE_FAMILY = "1,2";
			};
			name = Release;
		};
/* End XCBuildConfiguration section */

/* Begin XCConfigurationList section */
		C4158CCA2BE3E555001AD187 /* Build configuration list for PBXProject "SwiftulThinkingAdvancedLearning" */ = {
			isa = XCConfigurationList;
			buildConfigurations = (
				C4158CDB2BE3E557001AD187 /* Debug */,
				C4158CDC2BE3E557001AD187 /* Release */,
			);
			defaultConfigurationIsVisible = 0;
			defaultConfigurationName = Release;
		};
		C4158CDD2BE3E557001AD187 /* Build configuration list for PBXNativeTarget "SwiftulThinkingAdvancedLearning" */ = {
			isa = XCConfigurationList;
			buildConfigurations = (
				C4158CDE2BE3E557001AD187 /* Debug */,
				C4158CDF2BE3E557001AD187 /* Release */,
			);
			defaultConfigurationIsVisible = 0;
			defaultConfigurationName = Release;
		};
/* End XCConfigurationList section */
	};
	rootObject = C4158CC72BE3E555001AD187 /* Project object */;
}
